
Microsoft Visual Studio Solution File, Format Version 12.00
# Visual Studio Version 16
VisualStudioVersion = 16.0.30804.86
MinimumVisualStudioVersion = 10.0.40219.1
Project("{FAE04EC0-301F-11D3-BF4B-00C04F79EFBC}") = "Wheels.Net", "Wheels.Net\Wheels.Net.csproj", "{EDA7EC13-AF81-4765-81C5-3D86BD654D2D}"
EndProject
Global
	GlobalSection(SolutionConfigurationPlatforms) = preSolution
		Debug|Any CPU = Debug|Any CPU
		Release|Any CPU = Release|Any CPU
	EndGlobalSection
	GlobalSection(ProjectConfigurationPlatforms) = postSolution
		{EDA7EC13-AF81-4765-81C5-3D86BD654D2D}.Debug|Any CPU.ActiveCfg = Debug|Any CPU
		{EDA7EC13-AF81-4765-81C5-3D86BD654D2D}.Debug|Any CPU.Build.0 = Debug|Any CPU
		{EDA7EC13-AF81-4765-81C5-3D86BD654D2D}.Release|Any CPU.ActiveCfg = Release|Any CPU
		{EDA7EC13-AF81-4765-81C5-3D86BD654D2D}.Release|Any CPU.Build.0 = Release|Any CPU
	EndGlobalSection
	GlobalSection(SolutionProperties) = preSolution
		HideSolutionNode = FALSE
	EndGlobalSection
	GlobalSection(ExtensibilityGlobals) = postSolution
		SolutionGuid = {45EB854D-74B2-4063-922F-1A64CDBB6723}
	EndGlobalSection
EndGlobal
